{
  "version": "5",
  "specifiers": {
    "jsr:@cliffy/command@^1.2.1": "1.3.1",
    "jsr:@cliffy/flags@^1.3.1": "1.3.1",
    "jsr:@cliffy/internal@^1.3.1": "1.3.1",
    "jsr:@cliffy/table@^1.3.1": "1.3.1",
    "jsr:@cliffy/upgrade@^1.3.1": "1.3.1",
    "jsr:@std/fmt@^1.0.10": "1.0.10",
    "jsr:@std/internal@^1.0.14": "1.0.14",
    "jsr:@std/path@^1.1.6": "1.1.6",
    "jsr:@std/semver@^1.0.8": "1.0.8",
    "jsr:@std/streams@^1.0.17": "1.2.0",
    "jsr:@std/tar@~0.1.10": "0.1.10",
    "jsr:@std/text@^1.0.19": "1.1.0",
    "jsr:@std/yaml@^1.2.0": "1.3.0"
  },
  "jsr": {
    "@cliffy/command@1.3.1": {
      "integrity": "366ab6d5f68abe3ded22c09f65c151cfba600fa26690a4763f390c2f1e07ca4d",
      "dependencies": [
        "jsr:@cliffy/flags",
        "jsr:@cliffy/internal",
        "jsr:@cliffy/table",
        "jsr:@cliffy/upgrade",
        "jsr:@std/fmt",
        "jsr:@std/text"
      ]
    },
    "@cliffy/flags@1.3.1": {
      "integrity": "12f38efa0c8c2531c09f1b9a70bae4c4dcfbe01793bac11ac8ac92dddedaa294",
      "dependencies": [
        "jsr:@cliffy/internal",
        "jsr:@std/text"
      ]
    },
    "@cliffy/internal@1.3.1": {
      "integrity": "b309718fbfb8a226e74bc06f151d4459c2bdfa7ce68482decca75106bbf28816"
    },
    "@cliffy/table@1.3.1": {
      "integrity": "483c43936b9be148cbedd8bd39e5c0d098c9c87c4667fe2ad9b8acff77f79b8b",
      "dependencies": [
        "jsr:@std/fmt"
      ]
    },
    "@cliffy/upgrade@1.3.1": {
      "integrity": "9407061b092de52533d291e2488df24ec0718e28e024ac208603c0e16ae6407a",
      "dependencies": [
        "jsr:@cliffy/internal",
        "jsr:@cliffy/table",
        "jsr:@std/fmt",
        "jsr:@std/path",
        "jsr:@std/semver",
        "jsr:@std/tar"
      ]
    },
    "@std/fmt@1.0.10": {
      "integrity": "90dfba288802ac6de82fb31d0917eb9e4450b9925b954d5e51fc29ac07419db5"
    },
    "@std/internal@1.0.14": {
      "integrity": "291516b3d4c35024d6ffbc0a9df5bf4c64116e05b50012cf846710152d2ffdf7"
    },
    "@std/path@1.1.6": {
      "integrity": "c68485c2a4dfbb5ae3cc74fae4e8c4e5d874cf8a8ed12927917235c758b46cbe",
      "dependencies": [
        "jsr:@std/internal"
      ]
    },
    "@std/semver@1.0.8": {
      "integrity": "dc830e8b8b6a380c895d53fbfd1258dc253704ca57bbe1629ac65fd7830179b7"
    },
    "@std/streams@1.2.0": {
      "integrity": "256b934254778f2bf45f5713b934209ff29e9b4b7fd4ec095219966813758c5f"
    },
    "@std/tar@0.1.10": {
      "integrity": "6bf907f3a4bc8bfef42973ba132d946756a6161ef6b914a9e1c06debe664db17",
      "dependencies": [
        "jsr:@std/streams"
      ]
    },
    "@std/text@1.1.0": {
      "integrity": "3db511996317f63e35b76fe18fe35249723ae0ff6f8305398c78dd64ffa809a7"
    },
    "@std/yaml@1.3.0": {
      "integrity": "b250103854378b8b36cbff0fe95aec017d3d9ce86b489c67605180c602fb4922"
    }
  },
  "remote": {
    "https://raw.githubusercontent.com/logandavies181/TseSound/refs/heads/main/gen/global.ts": "e0fd015661d21077a1dbfccb6daae7635b9a84c6bb31e8176906571dfebbd79c",
    "https://raw.githubusercontent.com/logandavies181/TseSound/refs/heads/main/gen/notes440.ts": "aacaa4c309b90eb809fccac222d277a6fb7b04977b03e3dc540bd108b0156bf3",
    "https://raw.githubusercontent.com/logandavies181/TseSound/refs/heads/main/index.ts": "a7db930d10f88d9cbfb8749e985719a4fca581403d083950a1ce55b2db658faa",
    "https://raw.githubusercontent.com/logandavies181/TseSound/refs/heads/main/src/builders.ts": "9dadc880217ce9ac1de002867d77106d77cae7dacd3e35baeebd2133a2b779ec",
    "https://raw.githubusercontent.com/logandavies181/TseSound/refs/heads/main/src/cli.ts": "5ddcee21d4cfa48d596d24319469a070d04acbfc5afa75149b5f7f957c384c6d",
    "https://raw.githubusercontent.com/logandavies181/TseSound/refs/heads/main/src/csound.ts": "67340afb2d372b33cf54c256a7d746d3f4e6c4c589df79126062eb99d3180d88",
    "https://raw.githubusercontent.com/logandavies181/TseSound/refs/heads/main/src/key.ts": "8056dea34c0c44b298c7b900170c84132dabd25505f5b45d16775509a4c282b1",
    "https://raw.githubusercontent.com/logandavies181/TseSound/refs/heads/main/src/notes.ts": "daba47c060b46cfa0546a3d9df00f9b636dc319000db737afd3e04da93e507b7",
    "https://raw.githubusercontent.com/logandavies181/TseSound/refs/heads/main/src/parser.ts": "ed0bef4d139c53d518169775c6b4acce4d713fd3494567ea0d93d2a1d343c5a0",
    "https://raw.githubusercontent.com/logandavies181/TseSound/refs/heads/main/src/score.ts": "abee0af572ba22d39a625a11fea0d5b6140fb29140f562e08ae5ecb8548bbc8f"
  },
  "workspace": {
    "dependencies": [
      "jsr:@cliffy/command@^1.2.1",
      "jsr:@std/yaml@^1.2.0"
    ]
  }
}
